{
  "originHash" : "3e2e0cf3a049e3615499059ec25516331dc46661145560028a11cc1adb4df460",
  "pins" : [
    {
      "identity" : "coretextswift",
      "kind" : "remoteSourceControl",
      "location" : "https://github.com/krzyzanowskim/CoreTextSwift",
      "state" : {
        "revision" : "833177201d6421e6322296f39fce6ff6ae52618a",
        "version" : "0.2.0"
      }
    },
    {
      "identity" : "neon",
      "kind" : "remoteSourceControl",
      "location" : "https://github.com/ChimeHQ/Neon",
      "state" : {
        "revision" : "7df7d080a271cfa4dc87f94cccc024665a75047e",
        "version" : "0.6.0"
      }
    },
    {
      "identity" : "projectnavigator",
      "kind" : "remoteSourceControl",
      "location" : "https://github.com/mchakravarty/ProjectNavigator.git",
      "state" : {
        "revision" : "38fc56f905e794d2ca4f1f6d993a045c815ca7a2",
        "version" : "1.2.2"
      }
    },
    {
      "identity" : "rearrange",
      "kind" : "remoteSourceControl",
      "location" : "https://github.com/ChimeHQ/Rearrange",
      "state" : {
        "revision" : "5ff7f3363f7a08f77e0d761e38e6add31c2136e1",
        "version" : "1.8.1"
      }
    },
    {
      "identity" : "sttextkitplus",
      "kind" : "remoteSourceControl",
      "location" : "https://github.com/krzyzanowskim/STTextKitPlus",
      "state" : {
        "revision" : "ebc71aaa6137b45ad289d1faf6e7687b6b9488e9",
        "version" : "0.1.9"
      }
    },
    {
      "identity" : "sttextview",
      "kind" : "remoteSourceControl",
      "location" : "https://github.com/krzyzanowskim/STTextView",
      "state" : {
        "branch" : "main",
        "revision" : "f96ded23b5e7387b545ba527601809ae87c26564"
      }
    },
    {
      "identity" : "sttextview-plugin-annotations",
      "kind" : "remoteSourceControl",
      "location" : "https://github.com/krzyzanowskim/STTextView-Plugin-Annotations",
      "state" : {
        "branch" : "main",
        "revision" : "62c31bb17cffba2264ea33a77ed96794ae72d43f"
      }
    },
    {
      "identity" : "sttextview-plugin-neon",
      "kind" : "remoteSourceControl",
      "location" : "https://github.com/krzyzanowskim/STTextView-Plugin-Neon",
      "state" : {
        "branch" : "main",
        "revision" : "2ab8e7a99d2d1638ae05f91fdc823820c115b56b"
      }
    },
    {
      "identity" : "swift-collections",
      "kind" : "remoteSourceControl",
      "location" : "https://github.com/apple/swift-collections.git",
      "state" : {
        "revision" : "3d2dc41a01f9e49d84f0a3925fb858bed64f702d",
        "version" : "1.1.2"
      }
    },
    {
      "identity" : "swifttreesitter",
      "kind" : "remoteSourceControl",
      "location" : "https://github.com/ChimeHQ/SwiftTreeSitter",
      "state" : {
        "revision" : "08ef81eb8620617b55b08868126707ad72bf754f",
        "version" : "0.25.0"
      }
    },
    {
      "identity" : "tree-sitter",
      "kind" : "remoteSourceControl",
      "location" : "https://github.com/tree-sitter/tree-sitter",
      "state" : {
        "revision" : "f2f197b6b27ce75c280c20f131d4f71e906b86f7",
        "version" : "0.25.8"
      }
    }
  ],
  "version" : 3
}
