{
  "originHash" : "a8d11f8c2b24a9b9afdb2c78955d41beea9ca578d3b73f8732a51dabb964f971",
  "pins" : [
    {
      "identity" : "coretextswift",
      "kind" : "remoteSourceControl",
      "location" : "https://github.com/krzyzanowskim/CoreTextSwift",
      "state" : {
        "revision" : "833177201d6421e6322296f39fce6ff6ae52618a",
        "version" : "0.2.0"
      }
    },
    {
      "identity" : "projectnavigator",
      "kind" : "remoteSourceControl",
      "location" : "https://github.com/mchakravarty/ProjectNavigator.git",
      "state" : {
        "revision" : "38fc56f905e794d2ca4f1f6d993a045c815ca7a2",
        "version" : "1.2.2"
      }
    },
    {
      "identity" : "sttextkitplus",
      "kind" : "remoteSourceControl",
      "location" : "https://github.com/krzyzanowskim/STTextKitPlus",
      "state" : {
        "revision" : "ebc71aaa6137b45ad289d1faf6e7687b6b9488e9",
        "version" : "0.1.9"
      }
    },
    {
      "identity" : "sttextview",
      "kind" : "remoteSourceControl",
      "location" : "https://github.com/krzyzanowskim/STTextView",
      "state" : {
        "revision" : "31b5e3c656de3fab29a86f1ab0c3f30f68f4314b",
        "version" : "2.1.1"
      }
    },
    {
      "identity" : "swift-collections",
      "kind" : "remoteSourceControl",
      "location" : "https://github.com/apple/swift-collections.git",
      "state" : {
        "revision" : "3d2dc41a01f9e49d84f0a3925fb858bed64f702d",
        "version" : "1.1.2"
      }
    }
  ],
  "version" : 3
}
