// !$*UTF8*$!
{
	archiveVersion = 1;
	classes = {
	};
	objectVersion = 60;
	objects = {

/* Begin PBXBuildFile section */
		3E1002602C5C206400A9E0C7 /* FileManagerExtension.swift in Sources */ = {isa = PBXBuildFile; fileRef = 3E10025F2C5C206000A9E0C7 /* FileManagerExtension.swift */; };
		3E1002632C5C222400A9E0C7 /* PhotosPickerItemExtension.swift in Sources */ = {isa = PBXBuildFile; fileRef = 3E1002622C5C221D00A9E0C7 /* PhotosPickerItemExtension.swift */; };
		3E2AD0C42C57372F005A85AB /* CodeEditorView in Frameworks */ = {isa = PBXBuildFile; productRef = 3E2AD0C32C57372F005A85AB /* CodeEditorView */; };
		3E2AD0C62C57372F005A85AB /* LanguageSupport in Frameworks */ = {isa = PBXBuildFile; productRef = 3E2AD0C52C57372F005A85AB /* LanguageSupport */; };
		3E2AD0CC2C574B1A005A85AB /* DocumentView.swift in Sources */ = {isa = PBXBuildFile; fileRef = 3E2AD0CB2C574B1A005A85AB /* DocumentView.swift */; };
		3E57045B2C555BB9003233AA /* TypstifyApp.swift in Sources */ = {isa = PBXBuildFile; fileRef = 3E57045A2C555BB9003233AA /* TypstifyApp.swift */; };
		3E57045D2C555BB9003233AA /* ContentView.swift in Sources */ = {isa = PBXBuildFile; fileRef = 3E57045C2C555BB9003233AA /* ContentView.swift */; };
		3E57045F2C555BBA003233AA /* Assets.xcassets in Resources */ = {isa = PBXBuildFile; fileRef = 3E57045E2C555BBA003233AA /* Assets.xcassets */; };
		3E5704622C555BBA003233AA /* Preview Assets.xcassets in Resources */ = {isa = PBXBuildFile; fileRef = 3E5704612C555BBA003233AA /* Preview Assets.xcassets */; };
		3E57046A2C555C40003233AA /* TypstLibrarySwift in Frameworks */ = {isa = PBXBuildFile; productRef = 3E5704692C555C40003233AA /* TypstLibrarySwift */; };
		3EF634112C59E29E00B3BF5C /* TypstifyDocument.swift in Sources */ = {isa = PBXBuildFile; fileRef = 3EF634102C59E29500B3BF5C /* TypstifyDocument.swift */; };
		3EFE83F72C5895A3006953C3 /* ViewExtension.swift in Sources */ = {isa = PBXBuildFile; fileRef = 3EFE83F62C58959F006953C3 /* ViewExtension.swift */; };
/* End PBXBuildFile section */

/* Begin PBXFileReference section */
		3E10025F2C5C206000A9E0C7 /* FileManagerExtension.swift */ = {isa = PBXFileReference; lastKnownFileType = sourcecode.swift; path = FileManagerExtension.swift; sourceTree = "<group>"; };
		3E1002622C5C221D00A9E0C7 /* PhotosPickerItemExtension.swift */ = {isa = PBXFileReference; lastKnownFileType = sourcecode.swift; path = PhotosPickerItemExtension.swift; sourceTree = "<group>"; };
		3E2AD0CB2C574B1A005A85AB /* DocumentView.swift */ = {isa = PBXFileReference; lastKnownFileType = sourcecode.swift; path = DocumentView.swift; sourceTree = "<group>"; };
		3E2AD0CD2C57503A005A85AB /* Info.plist */ = {isa = PBXFileReference; lastKnownFileType = text.plist; path = Info.plist; sourceTree = "<group>"; };
		3E5704572C555BB9003233AA /* Typstify.app */ = {isa = PBXFileReference; explicitFileType = wrapper.application; includeInIndex = 0; path = Typstify.app; sourceTree = BUILT_PRODUCTS_DIR; };
		3E57045A2C555BB9003233AA /* TypstifyApp.swift */ = {isa = PBXFileReference; lastKnownFileType = sourcecode.swift; path = TypstifyApp.swift; sourceTree = "<group>"; };
		3E57045C2C555BB9003233AA /* ContentView.swift */ = {isa = PBXFileReference; lastKnownFileType = sourcecode.swift; path = ContentView.swift; sourceTree = "<group>"; };
		3E57045E2C555BBA003233AA /* Assets.xcassets */ = {isa = PBXFileReference; lastKnownFileType = folder.assetcatalog; path = Assets.xcassets; sourceTree = "<group>"; };
		3E5704612C555BBA003233AA /* Preview Assets.xcassets */ = {isa = PBXFileReference; lastKnownFileType = folder.assetcatalog; path = "Preview Assets.xcassets"; sourceTree = "<group>"; };
		3EBA29B42C55D7D000ACBAD3 /* LICENSE */ = {isa = PBXFileReference; lastKnownFileType = text; path = LICENSE; sourceTree = "<group>"; };
		3EF634102C59E29500B3BF5C /* TypstifyDocument.swift */ = {isa = PBXFileReference; lastKnownFileType = sourcecode.swift; path = TypstifyDocument.swift; sourceTree = "<group>"; };
		3EFE83F62C58959F006953C3 /* ViewExtension.swift */ = {isa = PBXFileReference; lastKnownFileType = sourcecode.swift; path = ViewExtension.swift; sourceTree = "<group>"; };
/* End PBXFileReference section */

/* Begin PBXFrameworksBuildPhase section */
		3E5704542C555BB9003233AA /* Frameworks */ = {
			isa = PBXFrameworksBuildPhase;
			buildActionMask = 2147483647;
			files = (
				3E57046A2C555C40003233AA /* TypstLibrarySwift in Frameworks */,
				3E2AD0C62C57372F005A85AB /* LanguageSupport in Frameworks */,
				3E2AD0C42C57372F005A85AB /* CodeEditorView in Frameworks */,
			);
			runOnlyForDeploymentPostprocessing = 0;
		};
/* End PBXFrameworksBuildPhase section */

/* Begin PBXGroup section */
		3E57044E2C555BB9003233AA = {
			isa = PBXGroup;
			children = (
				3EBA29B42C55D7D000ACBAD3 /* LICENSE */,
				3E5704592C555BB9003233AA /* Typstify */,
				3E5704582C555BB9003233AA /* Products */,
			);
			sourceTree = "<group>";
		};
		3E5704582C555BB9003233AA /* Products */ = {
			isa = PBXGroup;
			children = (
				3E5704572C555BB9003233AA /* Typstify.app */,
			);
			name = Products;
			sourceTree = "<group>";
		};
		3E5704592C555BB9003233AA /* Typstify */ = {
			isa = PBXGroup;
			children = (
				3E57045C2C555BB9003233AA /* ContentView.swift */,
				3E2AD0CB2C574B1A005A85AB /* DocumentView.swift */,
				3E10025F2C5C206000A9E0C7 /* FileManagerExtension.swift */,
				3E2AD0CD2C57503A005A85AB /* Info.plist */,
				3E1002622C5C221D00A9E0C7 /* PhotosPickerItemExtension.swift */,
				3E57045A2C555BB9003233AA /* TypstifyApp.swift */,
				3EF634102C59E29500B3BF5C /* TypstifyDocument.swift */,
				3EFE83F62C58959F006953C3 /* ViewExtension.swift */,
				3E57045E2C555BBA003233AA /* Assets.xcassets */,
				3E5704602C555BBA003233AA /* Preview Content */,
			);
			path = Typstify;
			sourceTree = "<group>";
		};
		3E5704602C555BBA003233AA /* Preview Content */ = {
			isa = PBXGroup;
			children = (
				3E5704612C555BBA003233AA /* Preview Assets.xcassets */,
			);
			path = "Preview Content";
			sourceTree = "<group>";
		};
/* End PBXGroup section */

/* Begin PBXNativeTarget section */
		3E5704562C555BB9003233AA /* Typstify */ = {
			isa = PBXNativeTarget;
			buildConfigurationList = 3E5704652C555BBA003233AA /* Build configuration list for PBXNativeTarget "Typstify" */;
			buildPhases = (
				3E5704532C555BB9003233AA /* Sources */,
				3E5704542C555BB9003233AA /* Frameworks */,
				3E5704552C555BB9003233AA /* Resources */,
			);
			buildRules = (
			);
			dependencies = (
			);
			name = Typstify;
			packageProductDependencies = (
				3E5704692C555C40003233AA /* TypstLibrarySwift */,
				3E2AD0C32C57372F005A85AB /* CodeEditorView */,
				3E2AD0C52C57372F005A85AB /* LanguageSupport */,
			);
			productName = Typstify;
			productReference = 3E5704572C555BB9003233AA /* Typstify.app */;
			productType = "com.apple.product-type.application";
		};
/* End PBXNativeTarget section */

/* Begin PBXProject section */
		3E57044F2C555BB9003233AA /* Project object */ = {
			isa = PBXProject;
			attributes = {
				BuildIndependentTargetsInParallel = 1;
				LastSwiftUpdateCheck = 1600;
				LastUpgradeCheck = 1600;
				TargetAttributes = {
					3E5704562C555BB9003233AA = {
						CreatedOnToolsVersion = 16.0;
					};
				};
			};
			buildConfigurationList = 3E5704522C555BB9003233AA /* Build configuration list for PBXProject "Typstify" */;
			compatibilityVersion = "Xcode 15.0";
			developmentRegion = en;
			hasScannedForEncodings = 0;
			knownRegions = (
				en,
				Base,
			);
			mainGroup = 3E57044E2C555BB9003233AA;
			packageReferences = (
				3E5704682C555C40003233AA /* XCLocalSwiftPackageReference "../typst-library-swift/TypstLibrarySwift" */,
				3E2AD0C22C57372F005A85AB /* XCRemoteSwiftPackageReference "CodeEditorView" */,
			);
			productRefGroup = 3E5704582C555BB9003233AA /* Products */;
			projectDirPath = "";
			projectRoot = "";
			targets = (
				3E5704562C555BB9003233AA /* Typstify */,
			);
		};
/* End PBXProject section */

/* Begin PBXResourcesBuildPhase section */
		3E5704552C555BB9003233AA /* Resources */ = {
			isa = PBXResourcesBuildPhase;
			buildActionMask = 2147483647;
			files = (
				3E5704622C555BBA003233AA /* Preview Assets.xcassets in Resources */,
				3E57045F2C555BBA003233AA /* Assets.xcassets in Resources */,
			);
			runOnlyForDeploymentPostprocessing = 0;
		};
/* End PBXResourcesBuildPhase section */

/* Begin PBXSourcesBuildPhase section */
		3E5704532C555BB9003233AA /* Sources */ = {
			isa = PBXSourcesBuildPhase;
			buildActionMask = 2147483647;
			files = (
				3E1002632C5C222400A9E0C7 /* PhotosPickerItemExtension.swift in Sources */,
				3EF634112C59E29E00B3BF5C /* TypstifyDocument.swift in Sources */,
				3E1002602C5C206400A9E0C7 /* FileManagerExtension.swift in Sources */,
				3E57045D2C555BB9003233AA /* ContentView.swift in Sources */,
				3E2AD0CC2C574B1A005A85AB /* DocumentView.swift in Sources */,
				3EFE83F72C5895A3006953C3 /* ViewExtension.swift in Sources */,
				3E57045B2C555BB9003233AA /* TypstifyApp.swift in Sources */,
			);
			runOnlyForDeploymentPostprocessing = 0;
		};
/* End PBXSourcesBuildPhase section */

/* Begin XCBuildConfiguration section */
		3E5704632C555BBA003233AA /* Debug */ = {
			isa = XCBuildConfiguration;
			buildSettings = {
				ALWAYS_SEARCH_USER_PATHS = NO;
				ASSETCATALOG_COMPILER_GENERATE_SWIFT_ASSET_SYMBOL_EXTENSIONS = YES;
				CLANG_ANALYZER_NONNULL = YES;
				CLANG_ANALYZER_NUMBER_OBJECT_CONVERSION = YES_AGGRESSIVE;
				CLANG_CXX_LANGUAGE_STANDARD = "gnu++20";
				CLANG_ENABLE_MODULES = YES;
				CLANG_ENABLE_OBJC_ARC = YES;
				CLANG_ENABLE_OBJC_WEAK = YES;
				CLANG_WARN_BLOCK_CAPTURE_AUTORELEASING = YES;
				CLANG_WARN_BOOL_CONVERSION = YES;
				CLANG_WARN_COMMA = YES;
				CLANG_WARN_CONSTANT_CONVERSION = YES;
				CLANG_WARN_DEPRECATED_OBJC_IMPLEMENTATIONS = YES;
				CLANG_WARN_DIRECT_OBJC_ISA_USAGE = YES_ERROR;
				CLANG_WARN_DOCUMENTATION_COMMENTS = YES;
				CLANG_WARN_EMPTY_BODY = YES;
				CLANG_WARN_ENUM_CONVERSION = YES;
				CLANG_WARN_INFINITE_RECURSION = YES;
				CLANG_WARN_INT_CONVERSION = YES;
				CLANG_WARN_NON_LITERAL_NULL_CONVERSION = YES;
				CLANG_WARN_OBJC_IMPLICIT_RETAIN_SELF = YES;
				CLANG_WARN_OBJC_LITERAL_CONVERSION = YES;
				CLANG_WARN_OBJC_ROOT_CLASS = YES_ERROR;
				CLANG_WARN_QUOTED_INCLUDE_IN_FRAMEWORK_HEADER = YES;
				CLANG_WARN_RANGE_LOOP_ANALYSIS = YES;
				CLANG_WARN_STRICT_PROTOTYPES = YES;
				CLANG_WARN_SUSPICIOUS_MOVE = YES;
				CLANG_WARN_UNGUARDED_AVAILABILITY = YES_AGGRESSIVE;
				CLANG_WARN_UNREACHABLE_CODE = YES;
				CLANG_WARN__DUPLICATE_METHOD_MATCH = YES;
				COPY_PHASE_STRIP = NO;
				DEBUG_INFORMATION_FORMAT = dwarf;
				ENABLE_STRICT_OBJC_MSGSEND = YES;
				ENABLE_TESTABILITY = YES;
				ENABLE_USER_SCRIPT_SANDBOXING = YES;
				GCC_C_LANGUAGE_STANDARD = gnu17;
				GCC_DYNAMIC_NO_PIC = NO;
				GCC_NO_COMMON_BLOCKS = YES;
				GCC_OPTIMIZATION_LEVEL = 0;
				GCC_PREPROCESSOR_DEFINITIONS = (
					"DEBUG=1",
					"$(inherited)",
				);
				GCC_WARN_64_TO_32_BIT_CONVERSION = YES;
				GCC_WARN_ABOUT_RETURN_TYPE = YES_ERROR;
				GCC_WARN_UNDECLARED_SELECTOR = YES;
				GCC_WARN_UNINITIALIZED_AUTOS = YES_AGGRESSIVE;
				GCC_WARN_UNUSED_FUNCTION = YES;
				GCC_WARN_UNUSED_VARIABLE = YES;
				IPHONEOS_DEPLOYMENT_TARGET = 18.0;
				LOCALIZATION_PREFERS_STRING_CATALOGS = YES;
				MTL_ENABLE_DEBUG_INFO = INCLUDE_SOURCE;
				MTL_FAST_MATH = YES;
				ONLY_ACTIVE_ARCH = YES;
				SDKROOT = iphoneos;
				SWIFT_ACTIVE_COMPILATION_CONDITIONS = "DEBUG $(inherited)";
				SWIFT_OPTIMIZATION_LEVEL = "-Onone";
			};
			name = Debug;
		};
		3E5704642C555BBA003233AA /* Release */ = {
			isa = XCBuildConfiguration;
			buildSettings = {
				ALWAYS_SEARCH_USER_PATHS = NO;
				ASSETCATALOG_COMPILER_GENERATE_SWIFT_ASSET_SYMBOL_EXTENSIONS = YES;
				CLANG_ANALYZER_NONNULL = YES;
				CLANG_ANALYZER_NUMBER_OBJECT_CONVERSION = YES_AGGRESSIVE;
				CLANG_CXX_LANGUAGE_STANDARD = "gnu++20";
				CLANG_ENABLE_MODULES = YES;
				CLANG_ENABLE_OBJC_ARC = YES;
				CLANG_ENABLE_OBJC_WEAK = YES;
				CLANG_WARN_BLOCK_CAPTURE_AUTORELEASING = YES;
				CLANG_WARN_BOOL_CONVERSION = YES;
				CLANG_WARN_COMMA = YES;
				CLANG_WARN_CONSTANT_CONVERSION = YES;
				CLANG_WARN_DEPRECATED_OBJC_IMPLEMENTATIONS = YES;
				CLANG_WARN_DIRECT_OBJC_ISA_USAGE = YES_ERROR;
				CLANG_WARN_DOCUMENTATION_COMMENTS = YES;
				CLANG_WARN_EMPTY_BODY = YES;
				CLANG_WARN_ENUM_CONVERSION = YES;
				CLANG_WARN_INFINITE_RECURSION = YES;
				CLANG_WARN_INT_CONVERSION = YES;
				CLANG_WARN_NON_LITERAL_NULL_CONVERSION = YES;
				CLANG_WARN_OBJC_IMPLICIT_RETAIN_SELF = YES;
				CLANG_WARN_OBJC_LITERAL_CONVERSION = YES;
				CLANG_WARN_OBJC_ROOT_CLASS = YES_ERROR;
				CLANG_WARN_QUOTED_INCLUDE_IN_FRAMEWORK_HEADER = YES;
				CLANG_WARN_RANGE_LOOP_ANALYSIS = YES;
				CLANG_WARN_STRICT_PROTOTYPES = YES;
				CLANG_WARN_SUSPICIOUS_MOVE = YES;
				CLANG_WARN_UNGUARDED_AVAILABILITY = YES_AGGRESSIVE;
				CLANG_WARN_UNREACHABLE_CODE = YES;
				CLANG_WARN__DUPLICATE_METHOD_MATCH = YES;
				COPY_PHASE_STRIP = NO;
				DEBUG_INFORMATION_FORMAT = "dwarf-with-dsym";
				ENABLE_NS_ASSERTIONS = NO;
				ENABLE_STRICT_OBJC_MSGSEND = YES;
				ENABLE_USER_SCRIPT_SANDBOXING = YES;
				GCC_C_LANGUAGE_STANDARD = gnu17;
				GCC_NO_COMMON_BLOCKS = YES;
				GCC_WARN_64_TO_32_BIT_CONVERSION = YES;
				GCC_WARN_ABOUT_RETURN_TYPE = YES_ERROR;
				GCC_WARN_UNDECLARED_SELECTOR = YES;
				GCC_WARN_UNINITIALIZED_AUTOS = YES_AGGRESSIVE;
				GCC_WARN_UNUSED_FUNCTION = YES;
				GCC_WARN_UNUSED_VARIABLE = YES;
				IPHONEOS_DEPLOYMENT_TARGET = 18.0;
				LOCALIZATION_PREFERS_STRING_CATALOGS = YES;
				MTL_ENABLE_DEBUG_INFO = NO;
				MTL_FAST_MATH = YES;
				SDKROOT = iphoneos;
				SWIFT_COMPILATION_MODE = wholemodule;
				VALIDATE_PRODUCT = YES;
			};
			name = Release;
		};
		3E5704662C555BBA003233AA /* Debug */ = {
			isa = XCBuildConfiguration;
			buildSettings = {
				ASSETCATALOG_COMPILER_APPICON_NAME = AppIcon;
				ASSETCATALOG_COMPILER_GLOBAL_ACCENT_COLOR_NAME = AccentColor;
				CODE_SIGN_STYLE = Automatic;
				CURRENT_PROJECT_VERSION = 1;
				DEVELOPMENT_ASSET_PATHS = "\"Typstify/Preview Content\"";
				DEVELOPMENT_TEAM = QT93JJ48BC;
				ENABLE_PREVIEWS = YES;
				GENERATE_INFOPLIST_FILE = YES;
				INFOPLIST_FILE = Typstify/Info.plist;
				INFOPLIST_KEY_CFBundleDisplayName = Typstify;
				INFOPLIST_KEY_LSApplicationCategoryType = "public.app-category.productivity";
				INFOPLIST_KEY_LSSupportsOpeningDocumentsInPlace = YES;
				INFOPLIST_KEY_UIApplicationSceneManifest_Generation = YES;
				INFOPLIST_KEY_UIApplicationSupportsIndirectInputEvents = YES;
				INFOPLIST_KEY_UILaunchScreen_Generation = YES;
				INFOPLIST_KEY_UIRequiresFullScreen = YES;
				INFOPLIST_KEY_UISupportedInterfaceOrientations = "UIInterfaceOrientationLandscapeLeft UIInterfaceOrientationLandscapeRight UIInterfaceOrientationPortrait";
				INFOPLIST_KEY_UISupportedInterfaceOrientations_iPad = "UIInterfaceOrientationLandscapeLeft UIInterfaceOrientationLandscapeRight";
				INFOPLIST_KEY_UISupportsDocumentBrowser = YES;
				IPHONEOS_DEPLOYMENT_TARGET = 17.0;
				LD_RUNPATH_SEARCH_PATHS = (
					"$(inherited)",
					"@executable_path/Frameworks",
				);
				MARKETING_VERSION = 1.0;
				PRODUCT_BUNDLE_IDENTIFIER = dev.ixor.Typstify;
				PRODUCT_NAME = "$(TARGET_NAME)";
				SUPPORTED_PLATFORMS = "iphoneos iphonesimulator";
				SUPPORTS_MACCATALYST = NO;
				SUPPORTS_MAC_DESIGNED_FOR_IPHONE_IPAD = NO;
				SUPPORTS_XR_DESIGNED_FOR_IPHONE_IPAD = NO;
				SWIFT_EMIT_LOC_STRINGS = YES;
				SWIFT_VERSION = 5.0;
				TARGETED_DEVICE_FAMILY = 2;
			};
			name = Debug;
		};
		3E5704672C555BBA003233AA /* Release */ = {
			isa = XCBuildConfiguration;
			buildSettings = {
				ASSETCATALOG_COMPILER_APPICON_NAME = AppIcon;
				ASSETCATALOG_COMPILER_GLOBAL_ACCENT_COLOR_NAME = AccentColor;
				CODE_SIGN_STYLE = Automatic;
				CURRENT_PROJECT_VERSION = 1;
				DEVELOPMENT_ASSET_PATHS = "\"Typstify/Preview Content\"";
				DEVELOPMENT_TEAM = QT93JJ48BC;
				ENABLE_PREVIEWS = YES;
				GENERATE_INFOPLIST_FILE = YES;
				INFOPLIST_FILE = Typstify/Info.plist;
				INFOPLIST_KEY_CFBundleDisplayName = Typstify;
				INFOPLIST_KEY_LSApplicationCategoryType = "public.app-category.productivity";
				INFOPLIST_KEY_LSSupportsOpeningDocumentsInPlace = YES;
				INFOPLIST_KEY_UIApplicationSceneManifest_Generation = YES;
				INFOPLIST_KEY_UIApplicationSupportsIndirectInputEvents = YES;
				INFOPLIST_KEY_UILaunchScreen_Generation = YES;
				INFOPLIST_KEY_UIRequiresFullScreen = YES;
				INFOPLIST_KEY_UISupportedInterfaceOrientations = "UIInterfaceOrientationLandscapeLeft UIInterfaceOrientationLandscapeRight UIInterfaceOrientationPortrait";
				INFOPLIST_KEY_UISupportedInterfaceOrientations_iPad = "UIInterfaceOrientationLandscapeLeft UIInterfaceOrientationLandscapeRight";
				INFOPLIST_KEY_UISupportsDocumentBrowser = YES;
				IPHONEOS_DEPLOYMENT_TARGET = 17.0;
				LD_RUNPATH_SEARCH_PATHS = (
					"$(inherited)",
					"@executable_path/Frameworks",
				);
				MARKETING_VERSION = 1.0;
				PRODUCT_BUNDLE_IDENTIFIER = dev.ixor.Typstify;
				PRODUCT_NAME = "$(TARGET_NAME)";
				SUPPORTED_PLATFORMS = "iphoneos iphonesimulator";
				SUPPORTS_MACCATALYST = NO;
				SUPPORTS_MAC_DESIGNED_FOR_IPHONE_IPAD = NO;
				SUPPORTS_XR_DESIGNED_FOR_IPHONE_IPAD = NO;
				SWIFT_EMIT_LOC_STRINGS = YES;
				SWIFT_VERSION = 5.0;
				TARGETED_DEVICE_FAMILY = 2;
			};
			name = Release;
		};
/* End XCBuildConfiguration section */

/* Begin XCConfigurationList section */
		3E5704522C555BB9003233AA /* Build configuration list for PBXProject "Typstify" */ = {
			isa = XCConfigurationList;
			buildConfigurations = (
				3E5704632C555BBA003233AA /* Debug */,
				3E5704642C555BBA003233AA /* Release */,
			);
			defaultConfigurationIsVisible = 0;
			defaultConfigurationName = Release;
		};
		3E5704652C555BBA003233AA /* Build configuration list for PBXNativeTarget "Typstify" */ = {
			isa = XCConfigurationList;
			buildConfigurations = (
				3E5704662C555BBA003233AA /* Debug */,
				3E5704672C555BBA003233AA /* Release */,
			);
			defaultConfigurationIsVisible = 0;
			defaultConfigurationName = Release;
		};
/* End XCConfigurationList section */

/* Begin XCLocalSwiftPackageReference section */
		3E5704682C555C40003233AA /* XCLocalSwiftPackageReference "../typst-library-swift/TypstLibrarySwift" */ = {
			isa = XCLocalSwiftPackageReference;
			relativePath = "../typst-library-swift/TypstLibrarySwift";
		};
/* End XCLocalSwiftPackageReference section */

/* Begin XCRemoteSwiftPackageReference section */
		3E2AD0C22C57372F005A85AB /* XCRemoteSwiftPackageReference "CodeEditorView" */ = {
			isa = XCRemoteSwiftPackageReference;
			repositoryURL = "https://github.com/mchakravarty/CodeEditorView.git";
			requirement = {
				kind = upToNextMajorVersion;
				minimumVersion = 0.13.0;
			};
		};
/* End XCRemoteSwiftPackageReference section */

/* Begin XCSwiftPackageProductDependency section */
		3E2AD0C32C57372F005A85AB /* CodeEditorView */ = {
			isa = XCSwiftPackageProductDependency;
			package = 3E2AD0C22C57372F005A85AB /* XCRemoteSwiftPackageReference "CodeEditorView" */;
			productName = CodeEditorView;
		};
		3E2AD0C52C57372F005A85AB /* LanguageSupport */ = {
			isa = XCSwiftPackageProductDependency;
			package = 3E2AD0C22C57372F005A85AB /* XCRemoteSwiftPackageReference "CodeEditorView" */;
			productName = LanguageSupport;
		};
		3E5704692C555C40003233AA /* TypstLibrarySwift */ = {
			isa = XCSwiftPackageProductDependency;
			productName = TypstLibrarySwift;
		};
/* End XCSwiftPackageProductDependency section */
	};
	rootObject = 3E57044F2C555BB9003233AA /* Project object */;
}
